
Microsoft Visual Studio Solution File, Format Version 12.00
# Visual Studio Version 16
VisualStudioVersion = 16.0.31205.134
MinimumVisualStudioVersion = 10.0.40219.1
Project("{8BC9CEB8-8B4A-11D0-8D11-00A0C91BC942}") = "TestApp", "..\..\Homework_Week2\TestApp\TestApp.vcxproj", "{BCF02B44-D909-3E10-BCAF-2F6CFFF78817}"
EndProject
Global
	GlobalSection(SolutionConfigurationPlatforms) = preSolution
		Debug|x64 = Debug|x64
		Debug|x86 = Debug|x86
		Release|x64 = Release|x64
		Release|x86 = Release|x86
	EndGlobalSection
	GlobalSection(ProjectConfigurationPlatforms) = postSolution
		{BCF02B44-D909-3E10-BCAF-2F6CFFF78817}.Debug|x64.ActiveCfg = Debug|x64
		{BCF02B44-D909-3E10-BCAF-2F6CFFF78817}.Debug|x64.Build.0 = Debug|x64
		{BCF02B44-D909-3E10-BCAF-2F6CFFF78817}.Debug|x86.ActiveCfg = Debug|x64
		{BCF02B44-D909-3E10-BCAF-2F6CFFF78817}.Release|x64.ActiveCfg = Release|x64
		{BCF02B44-D909-3E10-BCAF-2F6CFFF78817}.Release|x64.Build.0 = Release|x64
		{BCF02B44-D909-3E10-BCAF-2F6CFFF78817}.Release|x86.ActiveCfg = Release|x64
	EndGlobalSection
	GlobalSection(SolutionProperties) = preSolution
		HideSolutionNode = FALSE
	EndGlobalSection
	GlobalSection(ExtensibilityGlobals) = postSolution
		SolutionGuid = {F5B4BFE5-CF8B-47B5-9FFF-CBFEB3A750F0}
	EndGlobalSection
EndGlobal
